// !$*UTF8*$!
{
	archiveVersion = 1;
	classes = {
	};
	objectVersion = 56;
	objects = {

/* Begin PBXBuildFile section */
		0E69CA5D2BF5BCFA00592F70 /* TitleView.swift in Sources */ = {isa = PBXBuildFile; fileRef = 0E69CA5C2BF5BCFA00592F70 /* TitleView.swift */; };
		0E69CA5F2BF6D79000592F70 /* BottomView.swift in Sources */ = {isa = PBXBuildFile; fileRef = 0E69CA5E2BF6D79000592F70 /* BottomView.swift */; };
		0E69CA812BF8073900592F70 /* CurrentWeatherView.swift in Sources */ = {isa = PBXBuildFile; fileRef = 0E69CA802BF8073900592F70 /* CurrentWeatherView.swift */; };
		0E69CA852BFB343000592F70 /* MediumTempDayView.swift in Sources */ = {isa = PBXBuildFile; fileRef = 0E69CA842BFB343000592F70 /* MediumTempDayView.swift */; };
		0E8397092BF090220091A08A /* AppDelegate.swift in Sources */ = {isa = PBXBuildFile; fileRef = 0E8397082BF090220091A08A /* AppDelegate.swift */; };
		0E83970B2BF090220091A08A /* SceneDelegate.swift in Sources */ = {isa = PBXBuildFile; fileRef = 0E83970A2BF090220091A08A /* SceneDelegate.swift */; };
		0E83970D2BF090220091A08A /* WeatherViewController.swift in Sources */ = {isa = PBXBuildFile; fileRef = 0E83970C2BF090220091A08A /* WeatherViewController.swift */; };
		0E8397122BF090230091A08A /* Assets.xcassets in Resources */ = {isa = PBXBuildFile; fileRef = 0E8397112BF090230091A08A /* Assets.xcassets */; };
		0E8397152BF090230091A08A /* Base in Resources */ = {isa = PBXBuildFile; fileRef = 0E8397142BF090230091A08A /* Base */; };
		A960CB42C5BEE05414822829 /* Pods_WeatherApp_IrinaBakeeva.framework in Frameworks */ = {isa = PBXBuildFile; fileRef = BDFF66028D6AEDFE3216A481 /* Pods_WeatherApp_IrinaBakeeva.framework */; };
/* End PBXBuildFile section */

/* Begin PBXBuildRule section */
		0EAEB18C2C0470B0000B3869 /* PBXBuildRule */ = {
			isa = PBXBuildRule;
			compilerSpec = com.apple.compilers.proxy.script;
			fileType = file.xib;
			inputFiles = (
			);
			isEditable = 1;
			outputFiles = (
			);
			script = "# $(IBC_EXEC)\n";
		};
/* End PBXBuildRule section */

/* Begin PBXFileReference section */
		0E69CA5C2BF5BCFA00592F70 /* TitleView.swift */ = {isa = PBXFileReference; lastKnownFileType = sourcecode.swift; path = TitleView.swift; sourceTree = "<group>"; };
		0E69CA5E2BF6D79000592F70 /* BottomView.swift */ = {isa = PBXFileReference; lastKnownFileType = sourcecode.swift; path = BottomView.swift; sourceTree = "<group>"; };
		0E69CA802BF8073900592F70 /* CurrentWeatherView.swift */ = {isa = PBXFileReference; lastKnownFileType = sourcecode.swift; path = CurrentWeatherView.swift; sourceTree = "<group>"; };
		0E69CA842BFB343000592F70 /* MediumTempDayView.swift */ = {isa = PBXFileReference; lastKnownFileType = sourcecode.swift; path = MediumTempDayView.swift; sourceTree = "<group>"; };
		0E8397052BF090220091A08A /* WeatherApp_IrinaBakeeva.app */ = {isa = PBXFileReference; explicitFileType = wrapper.application; includeInIndex = 0; path = WeatherApp_IrinaBakeeva.app; sourceTree = BUILT_PRODUCTS_DIR; };
		0E8397082BF090220091A08A /* AppDelegate.swift */ = {isa = PBXFileReference; lastKnownFileType = sourcecode.swift; path = AppDelegate.swift; sourceTree = "<group>"; };
		0E83970A2BF090220091A08A /* SceneDelegate.swift */ = {isa = PBXFileReference; lastKnownFileType = sourcecode.swift; path = SceneDelegate.swift; sourceTree = "<group>"; };
		0E83970C2BF090220091A08A /* WeatherViewController.swift */ = {isa = PBXFileReference; lastKnownFileType = sourcecode.swift; path = WeatherViewController.swift; sourceTree = "<group>"; };
		0E8397112BF090230091A08A /* Assets.xcassets */ = {isa = PBXFileReference; lastKnownFileType = folder.assetcatalog; path = Assets.xcassets; sourceTree = "<group>"; };
		0E8397142BF090230091A08A /* Base */ = {isa = PBXFileReference; lastKnownFileType = file.storyboard; name = Base; path = Base.lproj/LaunchScreen.storyboard; sourceTree = "<group>"; };
		0E8397162BF090230091A08A /* Info.plist */ = {isa = PBXFileReference; lastKnownFileType = text.plist.xml; path = Info.plist; sourceTree = "<group>"; };
		8671730F8E10542CCA64FB62 /* Pods-WeatherApp_IrinaBakeeva.debug.xcconfig */ = {isa = PBXFileReference; includeInIndex = 1; lastKnownFileType = text.xcconfig; name = "Pods-WeatherApp_IrinaBakeeva.debug.xcconfig"; path = "Target Support Files/Pods-WeatherApp_IrinaBakeeva/Pods-WeatherApp_IrinaBakeeva.debug.xcconfig"; sourceTree = "<group>"; };
		B439C49E18AA02289A66B68D /* Pods-WeatherApp_IrinaBakeeva.release.xcconfig */ = {isa = PBXFileReference; includeInIndex = 1; lastKnownFileType = text.xcconfig; name = "Pods-WeatherApp_IrinaBakeeva.release.xcconfig"; path = "Target Support Files/Pods-WeatherApp_IrinaBakeeva/Pods-WeatherApp_IrinaBakeeva.release.xcconfig"; sourceTree = "<group>"; };
		BDFF66028D6AEDFE3216A481 /* Pods_WeatherApp_IrinaBakeeva.framework */ = {isa = PBXFileReference; explicitFileType = wrapper.framework; includeInIndex = 0; path = Pods_WeatherApp_IrinaBakeeva.framework; sourceTree = BUILT_PRODUCTS_DIR; };
/* End PBXFileReference section */

/* Begin PBXFrameworksBuildPhase section */
		0E8397022BF090220091A08A /* Frameworks */ = {
			isa = PBXFrameworksBuildPhase;
			buildActionMask = 2147483647;
			files = (
				A960CB42C5BEE05414822829 /* Pods_WeatherApp_IrinaBakeeva.framework in Frameworks */,
			);
			runOnlyForDeploymentPostprocessing = 0;
		};
/* End PBXFrameworksBuildPhase section */

/* Begin PBXGroup section */
		0E8396FC2BF090220091A08A = {
			isa = PBXGroup;
			children = (
				0E8397072BF090220091A08A /* WeatherApp_IrinaBakeeva */,
				0E8397062BF090220091A08A /* Products */,
				E7687B5164A5834E066FD70D /* Pods */,
				F3150F976B8EF127E41B99C3 /* Frameworks */,
			);
			sourceTree = "<group>";
		};
		0E8397062BF090220091A08A /* Products */ = {
			isa = PBXGroup;
			children = (
				0E8397052BF090220091A08A /* WeatherApp_IrinaBakeeva.app */,
			);
			name = Products;
			sourceTree = "<group>";
		};
		0E8397072BF090220091A08A /* WeatherApp_IrinaBakeeva */ = {
			isa = PBXGroup;
			children = (
				0E8397082BF090220091A08A /* AppDelegate.swift */,
				0E83970A2BF090220091A08A /* SceneDelegate.swift */,
				0E83970C2BF090220091A08A /* WeatherViewController.swift */,
				0E69CA842BFB343000592F70 /* MediumTempDayView.swift */,
				0E69CA802BF8073900592F70 /* CurrentWeatherView.swift */,
				0E69CA5E2BF6D79000592F70 /* BottomView.swift */,
				0E69CA5C2BF5BCFA00592F70 /* TitleView.swift */,
				0E8397112BF090230091A08A /* Assets.xcassets */,
				0E8397132BF090230091A08A /* LaunchScreen.storyboard */,
				0E8397162BF090230091A08A /* Info.plist */,
			);
			path = WeatherApp_IrinaBakeeva;
			sourceTree = "<group>";
		};
		E7687B5164A5834E066FD70D /* Pods */ = {
			isa = PBXGroup;
			children = (
				8671730F8E10542CCA64FB62 /* Pods-WeatherApp_IrinaBakeeva.debug.xcconfig */,
				B439C49E18AA02289A66B68D /* Pods-WeatherApp_IrinaBakeeva.release.xcconfig */,
			);
			path = Pods;
			sourceTree = "<group>";
		};
		F3150F976B8EF127E41B99C3 /* Frameworks */ = {
			isa = PBXGroup;
			children = (
				BDFF66028D6AEDFE3216A481 /* Pods_WeatherApp_IrinaBakeeva.framework */,
			);
			name = Frameworks;
			sourceTree = "<group>";
		};
/* End PBXGroup section */

/* Begin PBXNativeTarget section */
		0E8397042BF090220091A08A /* WeatherApp_IrinaBakeeva */ = {
			isa = PBXNativeTarget;
			buildConfigurationList = 0E8397192BF090230091A08A /* Build configuration list for PBXNativeTarget "WeatherApp_IrinaBakeeva" */;
			buildPhases = (
				C121B570BFF2B5B5336A6275 /* [CP] Check Pods Manifest.lock */,
				0E8397012BF090220091A08A /* Sources */,
				0E8397022BF090220091A08A /* Frameworks */,
				0E8397032BF090220091A08A /* Resources */,
				2911827067CF055167265581 /* [CP] Embed Pods Frameworks */,
			);
			buildRules = (
				0EAEB18C2C0470B0000B3869 /* PBXBuildRule */,
			);
			dependencies = (
			);
			name = WeatherApp_IrinaBakeeva;
			productName = WeatherApp_IrinaBakeeva;
			productReference = 0E8397052BF090220091A08A /* WeatherApp_IrinaBakeeva.app */;
			productType = "com.apple.product-type.application";
		};
/* End PBXNativeTarget section */

/* Begin PBXProject section */
		0E8396FD2BF090220091A08A /* Project object */ = {
			isa = PBXProject;
			attributes = {
				BuildIndependentTargetsInParallel = 1;
				LastSwiftUpdateCheck = 1530;
				LastUpgradeCheck = 1530;
				TargetAttributes = {
					0E8397042BF090220091A08A = {
						CreatedOnToolsVersion = 15.3;
					};
				};
			};
			buildConfigurationList = 0E8397002BF090220091A08A /* Build configuration list for PBXProject "WeatherApp_IrinaBakeeva" */;
			compatibilityVersion = "Xcode 14.0";
			developmentRegion = en;
			hasScannedForEncodings = 0;
			knownRegions = (
				en,
				Base,
			);
			mainGroup = 0E8396FC2BF090220091A08A;
			productRefGroup = 0E8397062BF090220091A08A /* Products */;
			projectDirPath = "";
			projectRoot = "";
			targets = (
				0E8397042BF090220091A08A /* WeatherApp_IrinaBakeeva */,
			);
		};
/* End PBXProject section */

/* Begin PBXResourcesBuildPhase section */
		0E8397032BF090220091A08A /* Resources */ = {
			isa = PBXResourcesBuildPhase;
			buildActionMask = 2147483647;
			files = (
				0E8397122BF090230091A08A /* Assets.xcassets in Resources */,
				0E8397152BF090230091A08A /* Base in Resources */,
			);
			runOnlyForDeploymentPostprocessing = 0;
		};
/* End PBXResourcesBuildPhase section */

/* Begin PBXShellScriptBuildPhase section */
		2911827067CF055167265581 /* [CP] Embed Pods Frameworks */ = {
			isa = PBXShellScriptBuildPhase;
			buildActionMask = 2147483647;
			files = (
			);
			inputFileListPaths = (
				"${PODS_ROOT}/Target Support Files/Pods-WeatherApp_IrinaBakeeva/Pods-WeatherApp_IrinaBakeeva-frameworks-${CONFIGURATION}-input-files.xcfilelist",
			);
			name = "[CP] Embed Pods Frameworks";
			outputFileListPaths = (
				"${PODS_ROOT}/Target Support Files/Pods-WeatherApp_IrinaBakeeva/Pods-WeatherApp_IrinaBakeeva-frameworks-${CONFIGURATION}-output-files.xcfilelist",
			);
			runOnlyForDeploymentPostprocessing = 0;
			shellPath = /bin/sh;
			shellScript = "\"${PODS_ROOT}/Target Support Files/Pods-WeatherApp_IrinaBakeeva/Pods-WeatherApp_IrinaBakeeva-frameworks.sh\"\n";
			showEnvVarsInLog = 0;
		};
		C121B570BFF2B5B5336A6275 /* [CP] Check Pods Manifest.lock */ = {
			isa = PBXShellScriptBuildPhase;
			buildActionMask = 2147483647;
			files = (
			);
			inputFileListPaths = (
			);
			inputPaths = (
				"${PODS_PODFILE_DIR_PATH}/Podfile.lock",
				"${PODS_ROOT}/Manifest.lock",
			);
			name = "[CP] Check Pods Manifest.lock";
			outputFileListPaths = (
			);
			outputPaths = (
				"$(DERIVED_FILE_DIR)/Pods-WeatherApp_IrinaBakeeva-checkManifestLockResult.txt",
			);
			runOnlyForDeploymentPostprocessing = 0;
			shellPath = /bin/sh;
			shellScript = "diff \"${PODS_PODFILE_DIR_PATH}/Podfile.lock\" \"${PODS_ROOT}/Manifest.lock\" > /dev/null\nif [ $? != 0 ] ; then\n    # print error to STDERR\n    echo \"error: The sandbox is not in sync with the Podfile.lock. Run 'pod install' or update your CocoaPods installation.\" >&2\n    exit 1\nfi\n# This output is used by Xcode 'outputs' to avoid re-running this script phase.\necho \"SUCCESS\" > \"${SCRIPT_OUTPUT_FILE_0}\"\n";
			showEnvVarsInLog = 0;
		};
/* End PBXShellScriptBuildPhase section */

/* Begin PBXSourcesBuildPhase section */
		0E8397012BF090220091A08A /* Sources */ = {
			isa = PBXSourcesBuildPhase;
			buildActionMask = 2147483647;
			files = (
				0E69CA812BF8073900592F70 /* CurrentWeatherView.swift in Sources */,
				0E69CA852BFB343000592F70 /* MediumTempDayView.swift in Sources */,
				0E83970D2BF090220091A08A /* WeatherViewController.swift in Sources */,
				0E8397092BF090220091A08A /* AppDelegate.swift in Sources */,
				0E83970B2BF090220091A08A /* SceneDelegate.swift in Sources */,
				0E69CA5D2BF5BCFA00592F70 /* TitleView.swift in Sources */,
				0E69CA5F2BF6D79000592F70 /* BottomView.swift in Sources */,
			);
			runOnlyForDeploymentPostprocessing = 0;
		};
/* End PBXSourcesBuildPhase section */

/* Begin PBXVariantGroup section */
		0E8397132BF090230091A08A /* LaunchScreen.storyboard */ = {
			isa = PBXVariantGroup;
			children = (
				0E8397142BF090230091A08A /* Base */,
			);
			name = LaunchScreen.storyboard;
			sourceTree = "<group>";
		};
/* End PBXVariantGroup section */

/* Begin XCBuildConfiguration section */
		0E8397172BF090230091A08A /* Debug */ = {
			isa = XCBuildConfiguration;
			buildSettings = {
				ALWAYS_SEARCH_USER_PATHS = NO;
				ASSETCATALOG_COMPILER_GENERATE_SWIFT_ASSET_SYMBOL_EXTENSIONS = YES;
				CLANG_ANALYZER_NONNULL = YES;
				CLANG_ANALYZER_NUMBER_OBJECT_CONVERSION = YES_AGGRESSIVE;
				CLANG_CXX_LANGUAGE_STANDARD = "gnu++20";
				CLANG_ENABLE_MODULES = YES;
				CLANG_ENABLE_OBJC_ARC = YES;
				CLANG_ENABLE_OBJC_WEAK = YES;
				CLANG_WARN_BLOCK_CAPTURE_AUTORELEASING = YES;
				CLANG_WARN_BOOL_CONVERSION = YES;
				CLANG_WARN_COMMA = YES;
				CLANG_WARN_CONSTANT_CONVERSION = YES;
				CLANG_WARN_DEPRECATED_OBJC_IMPLEMENTATIONS = YES;
				CLANG_WARN_DIRECT_OBJC_ISA_USAGE = YES_ERROR;
				CLANG_WARN_DOCUMENTATION_COMMENTS = YES;
				CLANG_WARN_EMPTY_BODY = YES;
				CLANG_WARN_ENUM_CONVERSION = YES;
				CLANG_WARN_INFINITE_RECURSION = YES;
				CLANG_WARN_INT_CONVERSION = YES;
				CLANG_WARN_NON_LITERAL_NULL_CONVERSION = YES;
				CLANG_WARN_OBJC_IMPLICIT_RETAIN_SELF = YES;
				CLANG_WARN_OBJC_LITERAL_CONVERSION = YES;
				CLANG_WARN_OBJC_ROOT_CLASS = YES_ERROR;
				CLANG_WARN_QUOTED_INCLUDE_IN_FRAMEWORK_HEADER = YES;
				CLANG_WARN_RANGE_LOOP_ANALYSIS = YES;
				CLANG_WARN_STRICT_PROTOTYPES = YES;
				CLANG_WARN_SUSPICIOUS_MOVE = YES;
				CLANG_WARN_UNGUARDED_AVAILABILITY = YES_AGGRESSIVE;
				CLANG_WARN_UNREACHABLE_CODE = YES;
				CLANG_WARN__DUPLICATE_METHOD_MATCH = YES;
				COPY_PHASE_STRIP = NO;
				DEBUG_INFORMATION_FORMAT = dwarf;
				ENABLE_STRICT_OBJC_MSGSEND = YES;
				ENABLE_TESTABILITY = YES;
				ENABLE_USER_SCRIPT_SANDBOXING = YES;
				GCC_C_LANGUAGE_STANDARD = gnu17;
				GCC_DYNAMIC_NO_PIC = NO;
				GCC_NO_COMMON_BLOCKS = YES;
				GCC_OPTIMIZATION_LEVEL = 0;
				GCC_PREPROCESSOR_DEFINITIONS = (
					"DEBUG=1",
					"$(inherited)",
				);
				GCC_WARN_64_TO_32_BIT_CONVERSION = YES;
				GCC_WARN_ABOUT_RETURN_TYPE = YES_ERROR;
				GCC_WARN_UNDECLARED_SELECTOR = YES;
				GCC_WARN_UNINITIALIZED_AUTOS = YES_AGGRESSIVE;
				GCC_WARN_UNUSED_FUNCTION = YES;
				GCC_WARN_UNUSED_VARIABLE = YES;
				IPHONEOS_DEPLOYMENT_TARGET = 17.4;
				LOCALIZATION_PREFERS_STRING_CATALOGS = YES;
				MTL_ENABLE_DEBUG_INFO = INCLUDE_SOURCE;
				MTL_FAST_MATH = YES;
				ONLY_ACTIVE_ARCH = YES;
				SDKROOT = iphoneos;
				SWIFT_ACTIVE_COMPILATION_CONDITIONS = "DEBUG $(inherited)";
				SWIFT_OPTIMIZATION_LEVEL = "-Onone";
			};
			name = Debug;
		};
		0E8397182BF090230091A08A /* Release */ = {
			isa = XCBuildConfiguration;
			buildSettings = {
				ALWAYS_SEARCH_USER_PATHS = NO;
				ASSETCATALOG_COMPILER_GENERATE_SWIFT_ASSET_SYMBOL_EXTENSIONS = YES;
				CLANG_ANALYZER_NONNULL = YES;
				CLANG_ANALYZER_NUMBER_OBJECT_CONVERSION = YES_AGGRESSIVE;
				CLANG_CXX_LANGUAGE_STANDARD = "gnu++20";
				CLANG_ENABLE_MODULES = YES;
				CLANG_ENABLE_OBJC_ARC = YES;
				CLANG_ENABLE_OBJC_WEAK = YES;
				CLANG_WARN_BLOCK_CAPTURE_AUTORELEASING = YES;
				CLANG_WARN_BOOL_CONVERSION = YES;
				CLANG_WARN_COMMA = YES;
				CLANG_WARN_CONSTANT_CONVERSION = YES;
				CLANG_WARN_DEPRECATED_OBJC_IMPLEMENTATIONS = YES;
				CLANG_WARN_DIRECT_OBJC_ISA_USAGE = YES_ERROR;
				CLANG_WARN_DOCUMENTATION_COMMENTS = YES;
				CLANG_WARN_EMPTY_BODY = YES;
				CLANG_WARN_ENUM_CONVERSION = YES;
				CLANG_WARN_INFINITE_RECURSION = YES;
				CLANG_WARN_INT_CONVERSION = YES;
				CLANG_WARN_NON_LITERAL_NULL_CONVERSION = YES;
				CLANG_WARN_OBJC_IMPLICIT_RETAIN_SELF = YES;
				CLANG_WARN_OBJC_LITERAL_CONVERSION = YES;
				CLANG_WARN_OBJC_ROOT_CLASS = YES_ERROR;
				CLANG_WARN_QUOTED_INCLUDE_IN_FRAMEWORK_HEADER = YES;
				CLANG_WARN_RANGE_LOOP_ANALYSIS = YES;
				CLANG_WARN_STRICT_PROTOTYPES = YES;
				CLANG_WARN_SUSPICIOUS_MOVE = YES;
				CLANG_WARN_UNGUARDED_AVAILABILITY = YES_AGGRESSIVE;
				CLANG_WARN_UNREACHABLE_CODE = YES;
				CLANG_WARN__DUPLICATE_METHOD_MATCH = YES;
				COPY_PHASE_STRIP = NO;
				DEBUG_INFORMATION_FORMAT = "dwarf-with-dsym";
				ENABLE_NS_ASSERTIONS = NO;
				ENABLE_STRICT_OBJC_MSGSEND = YES;
				ENABLE_USER_SCRIPT_SANDBOXING = YES;
				GCC_C_LANGUAGE_STANDARD = gnu17;
				GCC_NO_COMMON_BLOCKS = YES;
				GCC_WARN_64_TO_32_BIT_CONVERSION = YES;
				GCC_WARN_ABOUT_RETURN_TYPE = YES_ERROR;
				GCC_WARN_UNDECLARED_SELECTOR = YES;
				GCC_WARN_UNINITIALIZED_AUTOS = YES_AGGRESSIVE;
				GCC_WARN_UNUSED_FUNCTION = YES;
				GCC_WARN_UNUSED_VARIABLE = YES;
				IPHONEOS_DEPLOYMENT_TARGET = 17.4;
				LOCALIZATION_PREFERS_STRING_CATALOGS = YES;
				MTL_ENABLE_DEBUG_INFO = NO;
				MTL_FAST_MATH = YES;
				SDKROOT = iphoneos;
				SWIFT_COMPILATION_MODE = wholemodule;
				VALIDATE_PRODUCT = YES;
			};
			name = Release;
		};
		0E83971A2BF090230091A08A /* Debug */ = {
			isa = XCBuildConfiguration;
			baseConfigurationReference = 8671730F8E10542CCA64FB62 /* Pods-WeatherApp_IrinaBakeeva.debug.xcconfig */;
			buildSettings = {
				ASSETCATALOG_COMPILER_APPICON_NAME = AppIcon;
				ASSETCATALOG_COMPILER_GLOBAL_ACCENT_COLOR_NAME = AccentColor;
				CODE_SIGN_STYLE = Automatic;
				CURRENT_PROJECT_VERSION = 1;
				DEVELOPMENT_TEAM = FAR2FF4GXR;
				ENABLE_USER_SCRIPT_SANDBOXING = NO;
				GENERATE_INFOPLIST_FILE = YES;
				INFOPLIST_FILE = WeatherApp_IrinaBakeeva/Info.plist;
				INFOPLIST_KEY_UIApplicationSupportsIndirectInputEvents = YES;
				INFOPLIST_KEY_UILaunchStoryboardName = LaunchScreen;
				INFOPLIST_KEY_UIMainStoryboardFile = "";
				INFOPLIST_KEY_UISupportedInterfaceOrientations_iPad = "UIInterfaceOrientationPortrait UIInterfaceOrientationPortraitUpsideDown UIInterfaceOrientationLandscapeLeft UIInterfaceOrientationLandscapeRight";
				INFOPLIST_KEY_UISupportedInterfaceOrientations_iPhone = "UIInterfaceOrientationPortrait UIInterfaceOrientationLandscapeLeft UIInterfaceOrientationLandscapeRight";
				LD_RUNPATH_SEARCH_PATHS = (
					"$(inherited)",
					"@executable_path/Frameworks",
				);
				MARKETING_VERSION = 1.0;
				PRODUCT_BUNDLE_IDENTIFIER = "IB.WeatherApp-IrinaBakeeva";
				PRODUCT_NAME = "$(TARGET_NAME)";
				SWIFT_EMIT_LOC_STRINGS = YES;
				SWIFT_VERSION = 5.0;
				TARGETED_DEVICE_FAMILY = "1,2";
			};
			name = Debug;
		};
		0E83971B2BF090230091A08A /* Release */ = {
			isa = XCBuildConfiguration;
			baseConfigurationReference = B439C49E18AA02289A66B68D /* Pods-WeatherApp_IrinaBakeeva.release.xcconfig */;
			buildSettings = {
				ASSETCATALOG_COMPILER_APPICON_NAME = AppIcon;
				ASSETCATALOG_COMPILER_GLOBAL_ACCENT_COLOR_NAME = AccentColor;
				CODE_SIGN_STYLE = Automatic;
				CURRENT_PROJECT_VERSION = 1;
				DEVELOPMENT_TEAM = FAR2FF4GXR;
				ENABLE_USER_SCRIPT_SANDBOXING = NO;
				GENERATE_INFOPLIST_FILE = YES;
				INFOPLIST_FILE = WeatherApp_IrinaBakeeva/Info.plist;
				INFOPLIST_KEY_UIApplicationSupportsIndirectInputEvents = YES;
				INFOPLIST_KEY_UILaunchStoryboardName = LaunchScreen;
				INFOPLIST_KEY_UIMainStoryboardFile = "";
				INFOPLIST_KEY_UISupportedInterfaceOrientations_iPad = "UIInterfaceOrientationPortrait UIInterfaceOrientationPortraitUpsideDown UIInterfaceOrientationLandscapeLeft UIInterfaceOrientationLandscapeRight";
				INFOPLIST_KEY_UISupportedInterfaceOrientations_iPhone = "UIInterfaceOrientationPortrait UIInterfaceOrientationLandscapeLeft UIInterfaceOrientationLandscapeRight";
				LD_RUNPATH_SEARCH_PATHS = (
					"$(inherited)",
					"@executable_path/Frameworks",
				);
				MARKETING_VERSION = 1.0;
				PRODUCT_BUNDLE_IDENTIFIER = "IB.WeatherApp-IrinaBakeeva";
				PRODUCT_NAME = "$(TARGET_NAME)";
				SWIFT_EMIT_LOC_STRINGS = YES;
				SWIFT_VERSION = 5.0;
				TARGETED_DEVICE_FAMILY = "1,2";
			};
			name = Release;
		};
/* End XCBuildConfiguration section */

/* Begin XCConfigurationList section */
		0E8397002BF090220091A08A /* Build configuration list for PBXProject "WeatherApp_IrinaBakeeva" */ = {
			isa = XCConfigurationList;
			buildConfigurations = (
				0E8397172BF090230091A08A /* Debug */,
				0E8397182BF090230091A08A /* Release */,
			);
			defaultConfigurationIsVisible = 0;
			defaultConfigurationName = Release;
		};
		0E8397192BF090230091A08A /* Build configuration list for PBXNativeTarget "WeatherApp_IrinaBakeeva" */ = {
			isa = XCConfigurationList;
			buildConfigurations = (
				0E83971A2BF090230091A08A /* Debug */,
				0E83971B2BF090230091A08A /* Release */,
			);
			defaultConfigurationIsVisible = 0;
			defaultConfigurationName = Release;
		};
/* End XCConfigurationList section */
	};
	rootObject = 0E8396FD2BF090220091A08A /* Project object */;
}
